
Microsoft Visual Studio Solution File, Format Version 12.00
# Visual Studio Version 16
VisualStudioVersion = 16.0.29111.141
MinimumVisualStudioVersion = 10.0.40219.1
Project("{9A19103F-16F7-4668-BE54-9A1E7A4F7556}") = "MyLeasing.Common", "MyLeasing.Common\MyLeasing.Common.csproj", "{EE5F5A9D-A471-4C91-B1F4-1BB1FEBD0231}"
EndProject
Project("{FAE04EC0-301F-11D3-BF4B-00C04F79EFBC}") = "MyLeasing.Web", "MyLeasing.Web\MyLeasing.Web.csproj", "{02844672-6A91-4A15-8623-DB0467C4EFC6}"
EndProject
Global
	GlobalSection(SolutionConfigurationPlatforms) = preSolution
		Debug|Any CPU = Debug|Any CPU
		Release|Any CPU = Release|Any CPU
	EndGlobalSection
	GlobalSection(ProjectConfigurationPlatforms) = postSolution
		{EE5F5A9D-A471-4C91-B1F4-1BB1FEBD0231}.Debug|Any CPU.ActiveCfg = Debug|Any CPU
		{EE5F5A9D-A471-4C91-B1F4-1BB1FEBD0231}.Debug|Any CPU.Build.0 = Debug|Any CPU
		{EE5F5A9D-A471-4C91-B1F4-1BB1FEBD0231}.Release|Any CPU.ActiveCfg = Release|Any CPU
		{EE5F5A9D-A471-4C91-B1F4-1BB1FEBD0231}.Release|Any CPU.Build.0 = Release|Any CPU
		{02844672-6A91-4A15-8623-DB0467C4EFC6}.Debug|Any CPU.ActiveCfg = Debug|Any CPU
		{02844672-6A91-4A15-8623-DB0467C4EFC6}.Debug|Any CPU.Build.0 = Debug|Any CPU
		{02844672-6A91-4A15-8623-DB0467C4EFC6}.Release|Any CPU.ActiveCfg = Release|Any CPU
		{02844672-6A91-4A15-8623-DB0467C4EFC6}.Release|Any CPU.Build.0 = Release|Any CPU
	EndGlobalSection
	GlobalSection(SolutionProperties) = preSolution
		HideSolutionNode = FALSE
	EndGlobalSection
	GlobalSection(ExtensibilityGlobals) = postSolution
		SolutionGuid = {12EEF7B9-EC04-4A53-AEE2-25F91B0E709E}
	EndGlobalSection
EndGlobal
